
Microsoft Visual Studio Solution File, Format Version 12.00
# Visual Studio Version 17
VisualStudioVersion = 17.0.32112.339
MinimumVisualStudioVersion = 10.0.40219.1
Project("{9A19103F-16F7-4668-BE54-9A1E7A4F7556}") = "AnimesProtech.WebApi", "AnimesProtech.WebApi\AnimesProtech.WebApi.csproj", "{32573D48-30E7-4BDF-A974-1CA89980DE58}"
	ProjectSection(ProjectDependencies) = postProject
		{16363570-C5C3-434A-BC71-0DD9E8091FE7} = {16363570-C5C3-434A-BC71-0DD9E8091FE7}
		{1AF9ECCD-0B80-45A5-A7CE-B65072F20FB4} = {1AF9ECCD-0B80-45A5-A7CE-B65072F20FB4}
	EndProjectSection
EndProject
Project("{9A19103F-16F7-4668-BE54-9A1E7A4F7556}") = "AnimesProtech.Infra", "AnimesProtech.Infra\AnimesProtech.Infra.csproj", "{1AF9ECCD-0B80-45A5-A7CE-B65072F20FB4}"
	ProjectSection(ProjectDependencies) = postProject
		{16363570-C5C3-434A-BC71-0DD9E8091FE7} = {16363570-C5C3-434A-BC71-0DD9E8091FE7}
	EndProjectSection
EndProject
Project("{9A19103F-16F7-4668-BE54-9A1E7A4F7556}") = "AnimesProtech.Core", "AnimesProtech.Core\AnimesProtech.Core.csproj", "{16363570-C5C3-434A-BC71-0DD9E8091FE7}"
EndProject
Project("{9A19103F-16F7-4668-BE54-9A1E7A4F7556}") = "AnimesProtech.Tests", "AnimesProtech.Tests\AnimesProtech.Tests.csproj", "{F55A2947-A24C-4BC6-B2F2-96B093461C0D}"
	ProjectSection(ProjectDependencies) = postProject
		{32573D48-30E7-4BDF-A974-1CA89980DE58} = {32573D48-30E7-4BDF-A974-1CA89980DE58}
		{16363570-C5C3-434A-BC71-0DD9E8091FE7} = {16363570-C5C3-434A-BC71-0DD9E8091FE7}
	EndProjectSection
EndProject
Project("{2150E333-8FDC-42A3-9474-1A3956D46DE8}") = "Solution Items", "Solution Items", "{30EB266A-DAFC-4E12-B6E0-6CA1E1A52184}"
	ProjectSection(SolutionItems) = preProject
		docker-compose.yml = docker-compose.yml
	EndProjectSection
EndProject
Global
	GlobalSection(SolutionConfigurationPlatforms) = preSolution
		Debug|Any CPU = Debug|Any CPU
		Release|Any CPU = Release|Any CPU
	EndGlobalSection
	GlobalSection(ProjectConfigurationPlatforms) = postSolution
		{32573D48-30E7-4BDF-A974-1CA89980DE58}.Debug|Any CPU.ActiveCfg = Debug|Any CPU
		{32573D48-30E7-4BDF-A974-1CA89980DE58}.Debug|Any CPU.Build.0 = Debug|Any CPU
		{32573D48-30E7-4BDF-A974-1CA89980DE58}.Release|Any CPU.ActiveCfg = Release|Any CPU
		{32573D48-30E7-4BDF-A974-1CA89980DE58}.Release|Any CPU.Build.0 = Release|Any CPU
		{1AF9ECCD-0B80-45A5-A7CE-B65072F20FB4}.Debug|Any CPU.ActiveCfg = Debug|Any CPU
		{1AF9ECCD-0B80-45A5-A7CE-B65072F20FB4}.Debug|Any CPU.Build.0 = Debug|Any CPU
		{1AF9ECCD-0B80-45A5-A7CE-B65072F20FB4}.Release|Any CPU.ActiveCfg = Release|Any CPU
		{1AF9ECCD-0B80-45A5-A7CE-B65072F20FB4}.Release|Any CPU.Build.0 = Release|Any CPU
		{16363570-C5C3-434A-BC71-0DD9E8091FE7}.Debug|Any CPU.ActiveCfg = Debug|Any CPU
		{16363570-C5C3-434A-BC71-0DD9E8091FE7}.Debug|Any CPU.Build.0 = Debug|Any CPU
		{16363570-C5C3-434A-BC71-0DD9E8091FE7}.Release|Any CPU.ActiveCfg = Release|Any CPU
		{16363570-C5C3-434A-BC71-0DD9E8091FE7}.Release|Any CPU.Build.0 = Release|Any CPU
		{F55A2947-A24C-4BC6-B2F2-96B093461C0D}.Debug|Any CPU.ActiveCfg = Debug|Any CPU
		{F55A2947-A24C-4BC6-B2F2-96B093461C0D}.Debug|Any CPU.Build.0 = Debug|Any CPU
		{F55A2947-A24C-4BC6-B2F2-96B093461C0D}.Release|Any CPU.ActiveCfg = Release|Any CPU
		{F55A2947-A24C-4BC6-B2F2-96B093461C0D}.Release|Any CPU.Build.0 = Release|Any CPU
	EndGlobalSection
	GlobalSection(SolutionProperties) = preSolution
		HideSolutionNode = FALSE
	EndGlobalSection
	GlobalSection(ExtensibilityGlobals) = postSolution
		SolutionGuid = {E946A114-6390-4A26-A5AB-C75A1C1A189F}
	EndGlobalSection
EndGlobal
